
Microsoft Visual Studio Solution File, Format Version 12.00
# Visual Studio Version 16
VisualStudioVersion = 16.0.32510.428
MinimumVisualStudioVersion = 10.0.40219.1
Project("{FAE04EC0-301F-11D3-BF4B-00C04F79EFBC}") = "Mock3", "Mock3\Mock3.csproj", "{BD11005A-3FA6-4049-8C14-9C17D34CA866}"
EndProject
Global
	GlobalSection(SolutionConfigurationPlatforms) = preSolution
		Debug|Any CPU = Debug|Any CPU
		Release|Any CPU = Release|Any CPU
	EndGlobalSection
	GlobalSection(ProjectConfigurationPlatforms) = postSolution
		{BD11005A-3FA6-4049-8C14-9C17D34CA866}.Debug|Any CPU.ActiveCfg = Debug|Any CPU
		{BD11005A-3FA6-4049-8C14-9C17D34CA866}.Debug|Any CPU.Build.0 = Debug|Any CPU
		{BD11005A-3FA6-4049-8C14-9C17D34CA866}.Release|Any CPU.ActiveCfg = Release|Any CPU
		{BD11005A-3FA6-4049-8C14-9C17D34CA866}.Release|Any CPU.Build.0 = Release|Any CPU
	EndGlobalSection
	GlobalSection(SolutionProperties) = preSolution
		HideSolutionNode = FALSE
	EndGlobalSection
	GlobalSection(ExtensibilityGlobals) = postSolution
		SolutionGuid = {E7545CA6-E924-4379-8A5C-7E55ED6007D5}
	EndGlobalSection
EndGlobal
